
Microsoft Visual Studio Solution File, Format Version 12.00
# Visual Studio Version 16
VisualStudioVersion = 16.0.810.18
MinimumVisualStudioVersion = 10.0.40219.1
Project("{2150E333-8FDC-42A3-9474-1A3956D46DE8}") = "WebApi", "WebApi", "{1F4ADF7A-88CF-47B5-8AF4-D01400C6A97D}"
EndProject
Project("{FAE04EC0-301F-11D3-BF4B-00C04F79EFBC}") = "WebApi.WebApi", "WebApi.WebApi\WebApi.WebApi.csproj", "{22DE5CD6-7FFC-42F8-A81A-576C62F9CA30}"
EndProject
Project("{2150E333-8FDC-42A3-9474-1A3956D46DE8}") = "WebClient", "WebClient", "{4EB7674A-A583-47ED-880D-2F6D428AB58D}"
EndProject
Project("{FAE04EC0-301F-11D3-BF4B-00C04F79EFBC}") = "WebClient", "WebClient\WebClient.csproj", "{3FBD974A-A738-44B9-8843-69B6EDAF067C}"
EndProject
Project("{FAE04EC0-301F-11D3-BF4B-00C04F79EFBC}") = "WebApi.Utils", "WebApi.Utils\WebApi.Utils.csproj", "{2D2299B5-E9AF-48F4-ABA3-C024EF7669DA}"
EndProject
Project("{FAE04EC0-301F-11D3-BF4B-00C04F79EFBC}") = "WebApi.UseCases", "WebApi.UseCases\WebApi.UseCases.csproj", "{A4A06E96-9D52-402B-8B0A-D45F9526978B}"
EndProject
Project("{FAE04EC0-301F-11D3-BF4B-00C04F79EFBC}") = "WebApi.Infrastructure.Interfaces", "WebApi.Infrastructure.Interfaces\WebApi.Infrastructure.Interfaces.csproj", "{3A891A02-50B2-4B46-9D7A-25FE6DA9C9C0}"
EndProject
Project("{FAE04EC0-301F-11D3-BF4B-00C04F79EFBC}") = "WebApi.Infrastructure.Implementation", "WebApi.Infrastructure.Implementation\WebApi.Infrastructure.Implementation.csproj", "{D0E11436-35C1-4C46-A302-B2C1EB7FB1C6}"
EndProject
Project("{FAE04EC0-301F-11D3-BF4B-00C04F79EFBC}") = "WebApi.Entities", "WebApi.Entities\WebApi.Entities.csproj", "{F2292DBF-90BA-4487-BF40-70E177B2F554}"
EndProject
Project("{FAE04EC0-301F-11D3-BF4B-00C04F79EFBC}") = "WebApi.DataAccess.MsSql", "WebApi.DataAccess.MsSql\WebApi.DataAccess.MsSql.csproj", "{970F6220-0841-45BB-B320-148F8F27D1A2}"
EndProject
Global
	GlobalSection(SolutionConfigurationPlatforms) = preSolution
		Debug|Any CPU = Debug|Any CPU
		Release|Any CPU = Release|Any CPU
	EndGlobalSection
	GlobalSection(ProjectConfigurationPlatforms) = postSolution
		{22DE5CD6-7FFC-42F8-A81A-576C62F9CA30}.Debug|Any CPU.ActiveCfg = Debug|Any CPU
		{22DE5CD6-7FFC-42F8-A81A-576C62F9CA30}.Debug|Any CPU.Build.0 = Debug|Any CPU
		{22DE5CD6-7FFC-42F8-A81A-576C62F9CA30}.Release|Any CPU.ActiveCfg = Release|Any CPU
		{22DE5CD6-7FFC-42F8-A81A-576C62F9CA30}.Release|Any CPU.Build.0 = Release|Any CPU
		{3FBD974A-A738-44B9-8843-69B6EDAF067C}.Debug|Any CPU.ActiveCfg = Debug|Any CPU
		{3FBD974A-A738-44B9-8843-69B6EDAF067C}.Debug|Any CPU.Build.0 = Debug|Any CPU
		{3FBD974A-A738-44B9-8843-69B6EDAF067C}.Release|Any CPU.ActiveCfg = Release|Any CPU
		{3FBD974A-A738-44B9-8843-69B6EDAF067C}.Release|Any CPU.Build.0 = Release|Any CPU
		{2D2299B5-E9AF-48F4-ABA3-C024EF7669DA}.Debug|Any CPU.ActiveCfg = Debug|Any CPU
		{2D2299B5-E9AF-48F4-ABA3-C024EF7669DA}.Debug|Any CPU.Build.0 = Debug|Any CPU
		{2D2299B5-E9AF-48F4-ABA3-C024EF7669DA}.Release|Any CPU.ActiveCfg = Release|Any CPU
		{2D2299B5-E9AF-48F4-ABA3-C024EF7669DA}.Release|Any CPU.Build.0 = Release|Any CPU
		{A4A06E96-9D52-402B-8B0A-D45F9526978B}.Debug|Any CPU.ActiveCfg = Debug|Any CPU
		{A4A06E96-9D52-402B-8B0A-D45F9526978B}.Debug|Any CPU.Build.0 = Debug|Any CPU
		{A4A06E96-9D52-402B-8B0A-D45F9526978B}.Release|Any CPU.ActiveCfg = Release|Any CPU
		{A4A06E96-9D52-402B-8B0A-D45F9526978B}.Release|Any CPU.Build.0 = Release|Any CPU
		{3A891A02-50B2-4B46-9D7A-25FE6DA9C9C0}.Debug|Any CPU.ActiveCfg = Debug|Any CPU
		{3A891A02-50B2-4B46-9D7A-25FE6DA9C9C0}.Debug|Any CPU.Build.0 = Debug|Any CPU
		{3A891A02-50B2-4B46-9D7A-25FE6DA9C9C0}.Release|Any CPU.ActiveCfg = Release|Any CPU
		{3A891A02-50B2-4B46-9D7A-25FE6DA9C9C0}.Release|Any CPU.Build.0 = Release|Any CPU
		{D0E11436-35C1-4C46-A302-B2C1EB7FB1C6}.Debug|Any CPU.ActiveCfg = Debug|Any CPU
		{D0E11436-35C1-4C46-A302-B2C1EB7FB1C6}.Debug|Any CPU.Build.0 = Debug|Any CPU
		{D0E11436-35C1-4C46-A302-B2C1EB7FB1C6}.Release|Any CPU.ActiveCfg = Release|Any CPU
		{D0E11436-35C1-4C46-A302-B2C1EB7FB1C6}.Release|Any CPU.Build.0 = Release|Any CPU
		{F2292DBF-90BA-4487-BF40-70E177B2F554}.Debug|Any CPU.ActiveCfg = Debug|Any CPU
		{F2292DBF-90BA-4487-BF40-70E177B2F554}.Debug|Any CPU.Build.0 = Debug|Any CPU
		{F2292DBF-90BA-4487-BF40-70E177B2F554}.Release|Any CPU.ActiveCfg = Release|Any CPU
		{F2292DBF-90BA-4487-BF40-70E177B2F554}.Release|Any CPU.Build.0 = Release|Any CPU
		{970F6220-0841-45BB-B320-148F8F27D1A2}.Debug|Any CPU.ActiveCfg = Debug|Any CPU
		{970F6220-0841-45BB-B320-148F8F27D1A2}.Debug|Any CPU.Build.0 = Debug|Any CPU
		{970F6220-0841-45BB-B320-148F8F27D1A2}.Release|Any CPU.ActiveCfg = Release|Any CPU
		{970F6220-0841-45BB-B320-148F8F27D1A2}.Release|Any CPU.Build.0 = Release|Any CPU
	EndGlobalSection
	GlobalSection(SolutionProperties) = preSolution
		HideSolutionNode = FALSE
	EndGlobalSection
	GlobalSection(ExtensibilityGlobals) = postSolution
		SolutionGuid = {A1E70DA8-F5B5-4A2F-BEAB-58CFC6BD52A3}
	EndGlobalSection
	GlobalSection(NestedProjects) = preSolution
		{22DE5CD6-7FFC-42F8-A81A-576C62F9CA30} = {1F4ADF7A-88CF-47B5-8AF4-D01400C6A97D}
		{3FBD974A-A738-44B9-8843-69B6EDAF067C} = {4EB7674A-A583-47ED-880D-2F6D428AB58D}
		{2D2299B5-E9AF-48F4-ABA3-C024EF7669DA} = {1F4ADF7A-88CF-47B5-8AF4-D01400C6A97D}
		{A4A06E96-9D52-402B-8B0A-D45F9526978B} = {1F4ADF7A-88CF-47B5-8AF4-D01400C6A97D}
		{3A891A02-50B2-4B46-9D7A-25FE6DA9C9C0} = {1F4ADF7A-88CF-47B5-8AF4-D01400C6A97D}
		{D0E11436-35C1-4C46-A302-B2C1EB7FB1C6} = {1F4ADF7A-88CF-47B5-8AF4-D01400C6A97D}
		{F2292DBF-90BA-4487-BF40-70E177B2F554} = {1F4ADF7A-88CF-47B5-8AF4-D01400C6A97D}
		{970F6220-0841-45BB-B320-148F8F27D1A2} = {1F4ADF7A-88CF-47B5-8AF4-D01400C6A97D}
	EndGlobalSection
EndGlobal
